{
  "version": 4,
  "terraform_version": "1.9.7",
  "serial": 4,
  "lineage": "c7dd7395-16ae-a07d-709a-58b2eb8de181",
  "outputs": {},
  "resources": [
    {
      "mode": "managed",
      "type": "helm_release",
      "name": "argocd",
      "provider": "provider[\"registry.terraform.io/hashicorp/helm\"]",
      "instances": [
        {
          "schema_version": 1,
          "attributes": {
            "atomic": false,
            "chart": "argo-cd",
            "cleanup_on_fail": false,
            "create_namespace": true,
            "dependency_update": false,
            "description": null,
            "devel": null,
            "disable_crd_hooks": false,
            "disable_openapi_validation": false,
            "disable_webhooks": false,
            "force_update": false,
            "id": "argocd",
            "keyring": null,
            "lint": false,
            "manifest": null,
            "max_history": 0,
            "metadata": [
              {
                "app_version": "v2.14.5",
                "chart": "argo-cd",
                "first_deployed": 1741856511,
                "last_deployed": 1742069019,
                "name": "argocd",
                "namespace": "argocd",
                "notes": "In order to access the server UI you have the following options:\n\n1. kubectl port-forward service/argocd-server -n argocd 8080:443\n\n    and then open the browser on http://localhost:8080 and accept the certificate\n\n2. enable ingress in the values file `server.ingress.enabled` and either\n      - Add the annotation for ssl passthrough: https://argo-cd.readthedocs.io/en/stable/operator-manual/ingress/#option-1-ssl-passthrough\n      - Set the `configs.params.\"server.insecure\"` in the values file and terminate SSL at your ingress: https://argo-cd.readthedocs.io/en/stable/operator-manual/ingress/#option-2-multiple-ingress-objects-and-hosts\n\n\nAfter reaching the UI the first time you can login with username: admin and the random password generated during the installation. You can find the password by running:\n\nkubectl -n argocd get secret argocd-initial-admin-secret -o jsonpath=\"{.data.password}\" | base64 -d\n\n(You should delete the initial secret afterwards as suggested by the Getting Started Guide: https://argo-cd.readthedocs.io/en/stable/getting_started/#4-login-using-the-cli)\n",
                "revision": 5,
                "values": "{\"configs\":{\"params\":{\"server.insecure\":true}},\"server\":{\"ingress\":{\"annotations\":{\"traefik.ingress.kubernetes.io/router.entrypoints\":\"web\"},\"enabled\":true,\"extraHosts\":[{\"name\":\"argo.192.168.0.21.nip.io\",\"path\":\"/\"},{\"name\":\"argo.127.0.0.1.nip.io\",\"path\":\"/\"}],\"ingressClassName\":\"traefik\",\"tls\":false}}}",
                "version": "7.8.10"
              }
            ],
            "name": "argocd",
            "namespace": "argocd",
            "pass_credentials": false,
            "postrender": [],
            "recreate_pods": false,
            "render_subchart_notes": true,
            "replace": false,
            "repository": "https://argoproj.github.io/argo-helm",
            "repository_ca_file": null,
            "repository_cert_file": null,
            "repository_key_file": null,
            "repository_password": null,
            "repository_username": null,
            "reset_values": false,
            "reuse_values": false,
            "set": [],
            "set_list": [],
            "set_sensitive": [],
            "skip_crds": false,
            "status": "deployed",
            "timeout": 300,
            "upgrade_install": null,
            "values": [
              "configs:\n  params:\n    server.insecure: true\n\nserver:\n  ingress:\n    enabled: true\n    ingressClassName: traefik\n    annotations:\n      traefik.ingress.kubernetes.io/router.entrypoints: web\n    extraHosts:\n      - name: argo.192.168.0.21.nip.io\n        path: /\n      - name: argo.127.0.0.1.nip.io\n        path: /\n    tls: false\n"
            ],
            "verify": false,
            "version": "7.8.10",
            "wait": true,
            "wait_for_jobs": false
          },
          "sensitive_attributes": [
            [
              {
                "type": "get_attr",
                "value": "repository_password"
              }
            ]
          ],
          "private": "eyJzY2hlbWFfdmVyc2lvbiI6IjEifQ=="
        }
      ]
    }
  ],
  "check_results": null
}
